{
  "name": "wix-rich-content-viewer",
  "version": "1.2.0",
  "lockfileVersion": 1,
  "requires": true,
  "dependencies": {
    "define-properties": {
      "version": "1.1.2",
      "resolved": "https://repo.dev.wixpress.com/artifactory/api/npm/npm-repos/define-properties/-/define-properties-1.1.2.tgz",
      "integrity": "sha1-g6c/L+pWmJj7c3GTyPhzyvbUXJQ=",
      "requires": {
        "foreach": "^2.0.5",
        "object-keys": "^1.0.8"
      }
    },
    "foreach": {
      "version": "2.0.5",
      "resolved": "https://repo.dev.wixpress.com/artifactory/api/npm/npm-repos/foreach/-/foreach-2.0.5.tgz",
      "integrity": "sha1-C+4AUBiusmDQo6865ljdATbsG5k="
    },
    "match-index": {
      "version": "1.0.1",
      "resolved": "https://repo.dev.wixpress.com/artifactory/api/npm/npm-repos/match-index/-/match-index-1.0.1.tgz",
      "integrity": "sha1-tLZz6ZqzrFpq8wPM9NtwmBK8P1g=",
      "requires": {
        "regexp.prototype.flags": "^1.1.1"
      }
    },
    "object-keys": {
      "version": "1.0.12",
      "resolved": "https://repo.dev.wixpress.com/artifactory/api/npm/npm-repos/object-keys/-/object-keys-1.0.12.tgz",
      "integrity": "sha1-CcU4VTd1dTEMymL1W7M0q/97PtI="
    },
    "regexp.prototype.flags": {
      "version": "1.2.0",
      "resolved": "https://repo.dev.wixpress.com/artifactory/api/npm/npm-repos/regexp.prototype.flags/-/regexp.prototype.flags-1.2.0.tgz",
      "integrity": "sha1-azByTjBqJ4M+6xcbZqyIkLo35Bw=",
      "requires": {
        "define-properties": "^1.1.2"
      }
    }
  }
}
