{
	"name": "wix-rich-content-plugin-youtube",
	"version": "1.0.0",
	"lockfileVersion": 1,
	"requires": true,
	"dependencies": {
		"bowser": {
			"version": "1.9.4",
			"resolved": "https://registry.npmjs.org/bowser/-/bowser-1.9.4.tgz",
			"integrity": "sha512-9IdMmj2KjigRq6oWhmwv1W36pDuA4STQZ8q6YO9um+x07xgYNCD3Oou+WP/3L1HNz7iqythGet3/p4wvc8AAwQ=="
		},
		"browserslist": {
			"version": "1.7.7",
			"resolved": "https://registry.npmjs.org/browserslist/-/browserslist-1.7.7.tgz",
			"integrity": "sha1-C9dnBCWL6CmyOYu1Dkti0aFmsLk=",
			"requires": {
				"caniuse-db": "^1.0.30000639",
				"electron-to-chromium": "^1.2.7"
			}
		},
		"caniuse-api": {
			"version": "1.6.1",
			"resolved": "https://registry.npmjs.org/caniuse-api/-/caniuse-api-1.6.1.tgz",
			"integrity": "sha1-tTTnxzTE+B7F++isoq0kNUuWLGw=",
			"requires": {
				"browserslist": "^1.3.6",
				"caniuse-db": "^1.0.30000529",
				"lodash.memoize": "^4.1.2",
				"lodash.uniq": "^4.5.0"
			}
		},
		"caniuse-db": {
			"version": "1.0.30000938",
			"resolved": "https://registry.npmjs.org/caniuse-db/-/caniuse-db-1.0.30000938.tgz",
			"integrity": "sha512-1lbcoAGPQFUYOdY7sxpsl8ZDBfn5cyn80XuYnZwk7N4Qp7Behw7uxZCH5jjH2qWTV2WM6hgjvDVpP/uV3M/l9g=="
		},
		"css-in-js-utils": {
			"version": "2.0.1",
			"resolved": "https://registry.npmjs.org/css-in-js-utils/-/css-in-js-utils-2.0.1.tgz",
			"integrity": "sha512-PJF0SpJT+WdbVVt0AOYp9C8GnuruRlL/UFW7932nLWmFLQTaWEzTBQEx7/hn4BuV+WON75iAViSUJLiU3PKbpA==",
			"requires": {
				"hyphenate-style-name": "^1.0.2",
				"isobject": "^3.0.1"
			}
		},
		"css-keyframer": {
			"version": "1.0.1",
			"resolved": "https://registry.npmjs.org/css-keyframer/-/css-keyframer-1.0.1.tgz",
			"integrity": "sha1-RBAX8+LWjJKnpQuLZ2a8ucjvCQ8=",
			"requires": {
				"exenv": "^1.2.1",
				"hyphenate-style-name": "^1.0.2",
				"inline-style-prefixer": "^2.0.5",
				"is-plain-object": "^2.0.1"
			},
			"dependencies": {
				"inline-style-prefixer": {
					"version": "2.0.5",
					"resolved": "https://registry.npmjs.org/inline-style-prefixer/-/inline-style-prefixer-2.0.5.tgz",
					"integrity": "sha1-wVPH6I/YT+9cYC6VqBaLJ3BnH+c=",
					"requires": {
						"bowser": "^1.0.0",
						"hyphenate-style-name": "^1.0.1"
					}
				}
			}
		},
		"electron-to-chromium": {
			"version": "1.3.113",
			"resolved": "https://registry.npmjs.org/electron-to-chromium/-/electron-to-chromium-1.3.113.tgz",
			"integrity": "sha512-De+lPAxEcpxvqPTyZAXELNpRZXABRxf+uL/rSykstQhzj/B0l1150G/ExIIxKc16lI89Hgz81J0BHAcbTqK49g=="
		},
		"exenv": {
			"version": "1.2.2",
			"resolved": "https://registry.npmjs.org/exenv/-/exenv-1.2.2.tgz",
			"integrity": "sha1-KueOhdmJQVhnCwPUe+wfA72Ru50="
		},
		"hyphenate-style-name": {
			"version": "1.0.3",
			"resolved": "https://registry.npmjs.org/hyphenate-style-name/-/hyphenate-style-name-1.0.3.tgz",
			"integrity": "sha512-EcuixamT82oplpoJ2XU4pDtKGWQ7b00CD9f1ug9IaQ3p1bkHMiKCZ9ut9QDI6qsa6cpUuB+A/I+zLtdNK4n2DQ=="
		},
		"inline-style-prefixer": {
			"version": "3.0.8",
			"resolved": "https://registry.npmjs.org/inline-style-prefixer/-/inline-style-prefixer-3.0.8.tgz",
			"integrity": "sha1-hVG45bTVcyROZqNLBPfTIHaitTQ=",
			"requires": {
				"bowser": "^1.7.3",
				"css-in-js-utils": "^2.0.0"
			}
		},
		"is-plain-object": {
			"version": "2.0.4",
			"resolved": "https://registry.npmjs.org/is-plain-object/-/is-plain-object-2.0.4.tgz",
			"integrity": "sha512-h5PpgXkWitc38BBMYawTYMWJHFZJVnBquFE57xFpjB8pJFiF6gZ+bU+WyI/yqXiFR5mdLsgYNaPe8uao6Uv9Og==",
			"requires": {
				"isobject": "^3.0.1"
			}
		},
		"isobject": {
			"version": "3.0.1",
			"resolved": "https://registry.npmjs.org/isobject/-/isobject-3.0.1.tgz",
			"integrity": "sha1-TkMekrEalzFjaqH5yNHMvP2reN8="
		},
		"js-tokens": {
			"version": "4.0.0",
			"resolved": "https://registry.npmjs.org/js-tokens/-/js-tokens-4.0.0.tgz",
			"integrity": "sha512-RdJUflcE3cUzKiMqQgsCu06FPu9UdIJO0beYbPhHN4k6apgJtifcoCtT9bcxOpYBtpD2kCM6Sbzg4CausW/PKQ=="
		},
		"lodash.memoize": {
			"version": "4.1.2",
			"resolved": "https://registry.npmjs.org/lodash.memoize/-/lodash.memoize-4.1.2.tgz",
			"integrity": "sha1-vMbEmkKihA7Zl/Mj6tpezRguC/4="
		},
		"lodash.uniq": {
			"version": "4.5.0",
			"resolved": "https://registry.npmjs.org/lodash.uniq/-/lodash.uniq-4.5.0.tgz",
			"integrity": "sha1-0CJTc662Uq3BvILklFM5qEJ1R3M="
		},
		"loose-envify": {
			"version": "1.4.0",
			"resolved": "https://registry.npmjs.org/loose-envify/-/loose-envify-1.4.0.tgz",
			"integrity": "sha512-lyuxPGr/Wfhrlem2CL/UcnUc1zcqKAImBDzukY7Y5F/yQiNdko6+fRLevlw1HgMySw7f611UIY408EtxRSoK3Q==",
			"requires": {
				"js-tokens": "^3.0.0 || ^4.0.0"
			}
		},
		"object-assign": {
			"version": "4.1.1",
			"resolved": "https://registry.npmjs.org/object-assign/-/object-assign-4.1.1.tgz",
			"integrity": "sha1-IQmtx5ZYh8/AXLvUQsrIv7s2CGM="
		},
		"prop-types": {
			"version": "15.7.2",
			"resolved": "https://registry.npmjs.org/prop-types/-/prop-types-15.7.2.tgz",
			"integrity": "sha512-8QQikdH7//R2vurIJSutZ1smHYTcLpRWEOlHnzcWHmBYrOGUysKwSsrC89BCiFj3CbrfJ/nXFdJepOVrY1GCHQ==",
			"requires": {
				"loose-envify": "^1.4.0",
				"object-assign": "^4.1.1",
				"react-is": "^16.8.1"
			}
		},
		"react-custom-scroll": {
			"version": "4.0.1",
			"resolved": "https://registry.npmjs.org/react-custom-scroll/-/react-custom-scroll-4.0.1.tgz",
			"integrity": "sha512-l9LcoUYYW4FLESt3+KthFBM5pcxbGqr4zpUuQkwy097UtI6e+v1o5+DJDCi01PKOidj9kHvtpyxalEuGkpz98g=="
		},
		"react-infinite-scroll-component": {
			"version": "4.5.0",
			"resolved": "https://registry.npmjs.org/react-infinite-scroll-component/-/react-infinite-scroll-component-4.5.0.tgz",
			"integrity": "sha512-oXVy9a+pYReYwUMqlKoOv/4rlcVMsd4NVf7VO+c7Efytm0DIP0pMf5wBwirL8TMS2p69eWdL++R8OjzGb15q3Q=="
		},
		"react-is": {
			"version": "16.8.2",
			"resolved": "https://registry.npmjs.org/react-is/-/react-is-16.8.2.tgz",
			"integrity": "sha512-D+NxhSR2HUCjYky1q1DwpNUD44cDpUXzSmmFyC3ug1bClcU/iDNy0YNn1iwme28fn+NFhpA13IndOd42CrFb+Q=="
		},
		"react-md-spinner": {
			"version": "0.3.0",
			"resolved": "https://registry.npmjs.org/react-md-spinner/-/react-md-spinner-0.3.0.tgz",
			"integrity": "sha512-7MZx3eSCjUNocTQuYFzt2BF3J69s9UNSnOG2I6R+Yg2okbi3VzRVY0Ers7C7dTXHhpNMYeQoaI1juIz72r3bng==",
			"requires": {
				"caniuse-api": "^1.6.1",
				"css-keyframer": "1.0.1",
				"exenv": "^1.2.1",
				"inline-style-prefixer": "^3.0.3",
				"prop-types": "^15.5.8"
			}
		},
		"react-player": {
			"version": "1.9.3",
			"resolved": "https://registry.npmjs.org/react-player/-/react-player-1.9.3.tgz",
			"integrity": "sha512-EruSLtMcnTrwy9F99hG1dAVVSg0ZNQDB4Df6CnKLkFcCppOCZrQAPq+abZOcuXun7VRaXPGpkOqhLCdiLfZZfw==",
			"requires": {
				"deepmerge": "^3.0.0",
				"load-script": "^1.0.0",
				"prop-types": "^15.5.6"
			},
			"dependencies": {
				"deepmerge": {
					"version": "3.1.0",
					"resolved": "https://registry.npmjs.org/deepmerge/-/deepmerge-3.1.0.tgz",
					"integrity": "sha512-/TnecbwXEdycfbsM2++O3eGiatEFHjjNciHEwJclM+T5Kd94qD1AP+2elP/Mq0L5b9VZJao5znR01Mz6eX8Seg=="
				},
				"load-script": {
					"version": "1.0.0",
					"resolved": "https://registry.npmjs.org/load-script/-/load-script-1.0.0.tgz",
					"integrity": "sha1-BJGTngvuVkPuSUp+PaPSuscMbKQ="
				},
				"object-assign": {
					"version": "4.1.1",
					"resolved": "https://registry.npmjs.org/object-assign/-/object-assign-4.1.1.tgz",
					"integrity": "sha1-IQmtx5ZYh8/AXLvUQsrIv7s2CGM="
				},
				"prop-types": {
					"version": "15.7.1",
					"resolved": "https://registry.npmjs.org/prop-types/-/prop-types-15.7.1.tgz",
					"integrity": "sha512-f8Lku2z9kERjOCcnDOPm68EBJAO2K00Q5mSgPAUE/gJuBgsYLbVy6owSrtcHj90zt8PvW+z0qaIIgsIhHOa1Qw==",
					"requires": {
						"object-assign": "^4.1.1",
						"react-is": "^16.8.1"
					}
				},
				"react-is": {
					"version": "16.8.1",
					"resolved": "https://registry.npmjs.org/react-is/-/react-is-16.8.1.tgz",
					"integrity": "sha512-ioMCzVDWvCvKD8eeT+iukyWrBGrA3DiFYkXfBsVYIRdaREZuBjENG+KjrikavCLasozqRWTwFUagU/O4vPpRMA=="
				}
			}
		}
	}
}
